
Microsoft Visual Studio Solution File, Format Version 12.00
# Visual Studio Version 16
VisualStudioVersion = 16.0.31402.337
MinimumVisualStudioVersion = 10.0.40219.1
Project("{FAE04EC0-301F-11D3-BF4B-00C04F79EFBC}") = "TrafficRulesTrainer", "TrafficRulesTrainer\TrafficRulesTrainer.csproj", "{D4DDC5CD-E13E-4912-BD9C-49BD55BAD8EB}"
	ProjectSection(ProjectDependencies) = postProject
		{C2785EF0-A231-426C-8955-B4D7ECD2EAA7} = {C2785EF0-A231-426C-8955-B4D7ECD2EAA7}
	EndProjectSection
EndProject
Project("{FAE04EC0-301F-11D3-BF4B-00C04F79EFBC}") = "WcfService1", "WcfService1\WcfService1.csproj", "{C2785EF0-A231-426C-8955-B4D7ECD2EAA7}"
EndProject
Global
	GlobalSection(SolutionConfigurationPlatforms) = preSolution
		Debug|Any CPU = Debug|Any CPU
		Release|Any CPU = Release|Any CPU
	EndGlobalSection
	GlobalSection(ProjectConfigurationPlatforms) = postSolution
		{D4DDC5CD-E13E-4912-BD9C-49BD55BAD8EB}.Debug|Any CPU.ActiveCfg = Debug|Any CPU
		{D4DDC5CD-E13E-4912-BD9C-49BD55BAD8EB}.Debug|Any CPU.Build.0 = Debug|Any CPU
		{D4DDC5CD-E13E-4912-BD9C-49BD55BAD8EB}.Release|Any CPU.ActiveCfg = Release|Any CPU
		{D4DDC5CD-E13E-4912-BD9C-49BD55BAD8EB}.Release|Any CPU.Build.0 = Release|Any CPU
		{C2785EF0-A231-426C-8955-B4D7ECD2EAA7}.Debug|Any CPU.ActiveCfg = Debug|Any CPU
		{C2785EF0-A231-426C-8955-B4D7ECD2EAA7}.Debug|Any CPU.Build.0 = Debug|Any CPU
		{C2785EF0-A231-426C-8955-B4D7ECD2EAA7}.Release|Any CPU.ActiveCfg = Release|Any CPU
		{C2785EF0-A231-426C-8955-B4D7ECD2EAA7}.Release|Any CPU.Build.0 = Release|Any CPU
	EndGlobalSection
	GlobalSection(SolutionProperties) = preSolution
		HideSolutionNode = FALSE
	EndGlobalSection
	GlobalSection(ExtensibilityGlobals) = postSolution
		SolutionGuid = {3C8518E1-FF54-4648-9183-657CA112C055}
	EndGlobalSection
EndGlobal
